
Microsoft Visual Studio Solution File, Format Version 12.00
# Visual Studio Version 16
VisualStudioVersion = 16.0.31313.79
MinimumVisualStudioVersion = 10.0.40219.1
Project("{FAE04EC0-301F-11D3-BF4B-00C04F79EFBC}") = "BookReference", "BookReference\BookReference.csproj", "{BAE4DFEA-4FF2-400E-A0FF-54E33AE2C253}"
EndProject
Project("{2150E333-8FDC-42A3-9474-1A3956D46DE8}") = "Solution Items", "Solution Items", "{2D3BDBD2-0621-4ED5-A147-FD0F7310BC7C}"
	ProjectSection(SolutionItems) = preProject
		.gitignore = .gitignore
	EndProjectSection
EndProject
Global
	GlobalSection(SolutionConfigurationPlatforms) = preSolution
		Debug|Any CPU = Debug|Any CPU
		Release|Any CPU = Release|Any CPU
	EndGlobalSection
	GlobalSection(ProjectConfigurationPlatforms) = postSolution
		{BAE4DFEA-4FF2-400E-A0FF-54E33AE2C253}.Debug|Any CPU.ActiveCfg = Debug|Any CPU
		{BAE4DFEA-4FF2-400E-A0FF-54E33AE2C253}.Debug|Any CPU.Build.0 = Debug|Any CPU
		{BAE4DFEA-4FF2-400E-A0FF-54E33AE2C253}.Release|Any CPU.ActiveCfg = Release|Any CPU
		{BAE4DFEA-4FF2-400E-A0FF-54E33AE2C253}.Release|Any CPU.Build.0 = Release|Any CPU
	EndGlobalSection
	GlobalSection(SolutionProperties) = preSolution
		HideSolutionNode = FALSE
	EndGlobalSection
	GlobalSection(ExtensibilityGlobals) = postSolution
		SolutionGuid = {82E9FA7A-56D4-44ED-B8E5-61AFA018B40B}
	EndGlobalSection
EndGlobal
